
Microsoft Visual Studio Solution File, Format Version 12.00
# Visual Studio Version 17
VisualStudioVersion = 17.5.33516.290
MinimumVisualStudioVersion = 10.0.40219.1
Project("{FAE04EC0-301F-11D3-BF4B-00C04F79EFBC}") = "Password Reset", "Password Reset\Password Reset.csproj", "{F568586A-D15C-4134-BAD2-CE9142E14D71}"
EndProject
Project("{FAE04EC0-301F-11D3-BF4B-00C04F79EFBC}") = "Mirror Words", "Mirror Words\Mirror Words.csproj", "{FBD6606C-F69D-4DFD-80E6-413E621B6D28}"
EndProject
Project("{FAE04EC0-301F-11D3-BF4B-00C04F79EFBC}") = "P!rates", "P!rates\P!rates.csproj", "{DC2050F8-C01E-4227-A609-5CC07981F041}"
EndProject
Global
	GlobalSection(SolutionConfigurationPlatforms) = preSolution
		Debug|Any CPU = Debug|Any CPU
		Release|Any CPU = Release|Any CPU
	EndGlobalSection
	GlobalSection(ProjectConfigurationPlatforms) = postSolution
		{F568586A-D15C-4134-BAD2-CE9142E14D71}.Debug|Any CPU.ActiveCfg = Debug|Any CPU
		{F568586A-D15C-4134-BAD2-CE9142E14D71}.Debug|Any CPU.Build.0 = Debug|Any CPU
		{F568586A-D15C-4134-BAD2-CE9142E14D71}.Release|Any CPU.ActiveCfg = Release|Any CPU
		{F568586A-D15C-4134-BAD2-CE9142E14D71}.Release|Any CPU.Build.0 = Release|Any CPU
		{FBD6606C-F69D-4DFD-80E6-413E621B6D28}.Debug|Any CPU.ActiveCfg = Debug|Any CPU
		{FBD6606C-F69D-4DFD-80E6-413E621B6D28}.Debug|Any CPU.Build.0 = Debug|Any CPU
		{FBD6606C-F69D-4DFD-80E6-413E621B6D28}.Release|Any CPU.ActiveCfg = Release|Any CPU
		{FBD6606C-F69D-4DFD-80E6-413E621B6D28}.Release|Any CPU.Build.0 = Release|Any CPU
		{DC2050F8-C01E-4227-A609-5CC07981F041}.Debug|Any CPU.ActiveCfg = Debug|Any CPU
		{DC2050F8-C01E-4227-A609-5CC07981F041}.Debug|Any CPU.Build.0 = Debug|Any CPU
		{DC2050F8-C01E-4227-A609-5CC07981F041}.Release|Any CPU.ActiveCfg = Release|Any CPU
		{DC2050F8-C01E-4227-A609-5CC07981F041}.Release|Any CPU.Build.0 = Release|Any CPU
	EndGlobalSection
	GlobalSection(SolutionProperties) = preSolution
		HideSolutionNode = FALSE
	EndGlobalSection
	GlobalSection(ExtensibilityGlobals) = postSolution
		SolutionGuid = {12FE6B23-101D-4DD2-8E57-ABE6DA8C069A}
	EndGlobalSection
EndGlobal
