
Microsoft Visual Studio Solution File, Format Version 12.00
# Visual Studio Version 17
VisualStudioVersion = 17.12.35728.132
MinimumVisualStudioVersion = 10.0.40219.1
Project("{FAE04EC0-301F-11D3-BF4B-00C04F79EFBC}") = "01.ClassBoxData", "01.ClassBoxData\01.ClassBoxData.csproj", "{CB0F61BB-BCE4-4106-AA1A-71B4C6C82DCC}"
EndProject
Project("{FAE04EC0-301F-11D3-BF4B-00C04F79EFBC}") = "AnimalFarm", "02.AnimalFarm\AnimalFarm\AnimalFarm.csproj", "{38EE30E2-CC4A-48E8-ADF5-13C43A210275}"
EndProject
Project("{FAE04EC0-301F-11D3-BF4B-00C04F79EFBC}") = "03.ShoppingSpree", "03.ShoppingSpree\03.ShoppingSpree.csproj", "{46677DEC-E2D9-4045-B403-31076106BD22}"
EndProject
Project("{FAE04EC0-301F-11D3-BF4B-00C04F79EFBC}") = "04.PizzaCalories", "04.PizzaCalories\04.PizzaCalories.csproj", "{4060B263-B5E1-41AF-91C1-813A0F907C97}"
EndProject
Global
	GlobalSection(SolutionConfigurationPlatforms) = preSolution
		Debug|Any CPU = Debug|Any CPU
		Release|Any CPU = Release|Any CPU
	EndGlobalSection
	GlobalSection(ProjectConfigurationPlatforms) = postSolution
		{CB0F61BB-BCE4-4106-AA1A-71B4C6C82DCC}.Debug|Any CPU.ActiveCfg = Debug|Any CPU
		{CB0F61BB-BCE4-4106-AA1A-71B4C6C82DCC}.Debug|Any CPU.Build.0 = Debug|Any CPU
		{CB0F61BB-BCE4-4106-AA1A-71B4C6C82DCC}.Release|Any CPU.ActiveCfg = Release|Any CPU
		{CB0F61BB-BCE4-4106-AA1A-71B4C6C82DCC}.Release|Any CPU.Build.0 = Release|Any CPU
		{38EE30E2-CC4A-48E8-ADF5-13C43A210275}.Debug|Any CPU.ActiveCfg = Debug|Any CPU
		{38EE30E2-CC4A-48E8-ADF5-13C43A210275}.Debug|Any CPU.Build.0 = Debug|Any CPU
		{38EE30E2-CC4A-48E8-ADF5-13C43A210275}.Release|Any CPU.ActiveCfg = Release|Any CPU
		{38EE30E2-CC4A-48E8-ADF5-13C43A210275}.Release|Any CPU.Build.0 = Release|Any CPU
		{46677DEC-E2D9-4045-B403-31076106BD22}.Debug|Any CPU.ActiveCfg = Debug|Any CPU
		{46677DEC-E2D9-4045-B403-31076106BD22}.Debug|Any CPU.Build.0 = Debug|Any CPU
		{46677DEC-E2D9-4045-B403-31076106BD22}.Release|Any CPU.ActiveCfg = Release|Any CPU
		{46677DEC-E2D9-4045-B403-31076106BD22}.Release|Any CPU.Build.0 = Release|Any CPU
		{4060B263-B5E1-41AF-91C1-813A0F907C97}.Debug|Any CPU.ActiveCfg = Debug|Any CPU
		{4060B263-B5E1-41AF-91C1-813A0F907C97}.Debug|Any CPU.Build.0 = Debug|Any CPU
		{4060B263-B5E1-41AF-91C1-813A0F907C97}.Release|Any CPU.ActiveCfg = Release|Any CPU
		{4060B263-B5E1-41AF-91C1-813A0F907C97}.Release|Any CPU.Build.0 = Release|Any CPU
	EndGlobalSection
	GlobalSection(SolutionProperties) = preSolution
		HideSolutionNode = FALSE
	EndGlobalSection
EndGlobal
