
Microsoft Visual Studio Solution File, Format Version 12.00
# Visual Studio Version 17
VisualStudioVersion = 17.5.33516.290
MinimumVisualStudioVersion = 10.0.40219.1
Project("{FAE04EC0-301F-11D3-BF4B-00C04F79EFBC}") = "01. Excellent Result", "01. Excellent Result\01. Excellent Result.csproj", "{73C4B2BB-7E6C-4ADA-8554-A1DFD4E5F74C}"
EndProject
Project("{FAE04EC0-301F-11D3-BF4B-00C04F79EFBC}") = "02. Greater Number", "02. Greater Number\02. Greater Number.csproj", "{7CF84204-3847-4940-92B7-7474BD537F84}"
EndProject
Project("{FAE04EC0-301F-11D3-BF4B-00C04F79EFBC}") = "03. Even or Odd", "03. Even or Odd\03. Even or Odd.csproj", "{90AA938F-E34B-4B35-B234-A0CAC36E5A85}"
EndProject
Project("{FAE04EC0-301F-11D3-BF4B-00C04F79EFBC}") = "04. Password Guess", "04. Password Guess\04. Password Guess.csproj", "{08254508-F959-4E6D-945D-3689D36033E8}"
EndProject
Project("{FAE04EC0-301F-11D3-BF4B-00C04F79EFBC}") = "05. Number 100-200", "05. Number 100-200\05. Number 100-200.csproj", "{3D731854-31D3-4A51-A815-4B5D0E191EBF}"
EndProject
Project("{FAE04EC0-301F-11D3-BF4B-00C04F79EFBC}") = "06. Speed Info", "06. Speed Info\06. Speed Info.csproj", "{65BEF436-206C-4752-9B15-6374CE7387E7}"
EndProject
Project("{FAE04EC0-301F-11D3-BF4B-00C04F79EFBC}") = "07. Area of Figures", "07. Area of Figures\07. Area of Figures.csproj", "{9452BD67-BD48-45AD-9E2D-9E04A4B4580A}"
EndProject
Global
	GlobalSection(SolutionConfigurationPlatforms) = preSolution
		Debug|Any CPU = Debug|Any CPU
		Release|Any CPU = Release|Any CPU
	EndGlobalSection
	GlobalSection(ProjectConfigurationPlatforms) = postSolution
		{73C4B2BB-7E6C-4ADA-8554-A1DFD4E5F74C}.Debug|Any CPU.ActiveCfg = Debug|Any CPU
		{73C4B2BB-7E6C-4ADA-8554-A1DFD4E5F74C}.Debug|Any CPU.Build.0 = Debug|Any CPU
		{73C4B2BB-7E6C-4ADA-8554-A1DFD4E5F74C}.Release|Any CPU.ActiveCfg = Release|Any CPU
		{73C4B2BB-7E6C-4ADA-8554-A1DFD4E5F74C}.Release|Any CPU.Build.0 = Release|Any CPU
		{7CF84204-3847-4940-92B7-7474BD537F84}.Debug|Any CPU.ActiveCfg = Debug|Any CPU
		{7CF84204-3847-4940-92B7-7474BD537F84}.Debug|Any CPU.Build.0 = Debug|Any CPU
		{7CF84204-3847-4940-92B7-7474BD537F84}.Release|Any CPU.ActiveCfg = Release|Any CPU
		{7CF84204-3847-4940-92B7-7474BD537F84}.Release|Any CPU.Build.0 = Release|Any CPU
		{90AA938F-E34B-4B35-B234-A0CAC36E5A85}.Debug|Any CPU.ActiveCfg = Debug|Any CPU
		{90AA938F-E34B-4B35-B234-A0CAC36E5A85}.Debug|Any CPU.Build.0 = Debug|Any CPU
		{90AA938F-E34B-4B35-B234-A0CAC36E5A85}.Release|Any CPU.ActiveCfg = Release|Any CPU
		{90AA938F-E34B-4B35-B234-A0CAC36E5A85}.Release|Any CPU.Build.0 = Release|Any CPU
		{08254508-F959-4E6D-945D-3689D36033E8}.Debug|Any CPU.ActiveCfg = Debug|Any CPU
		{08254508-F959-4E6D-945D-3689D36033E8}.Debug|Any CPU.Build.0 = Debug|Any CPU
		{08254508-F959-4E6D-945D-3689D36033E8}.Release|Any CPU.ActiveCfg = Release|Any CPU
		{08254508-F959-4E6D-945D-3689D36033E8}.Release|Any CPU.Build.0 = Release|Any CPU
		{3D731854-31D3-4A51-A815-4B5D0E191EBF}.Debug|Any CPU.ActiveCfg = Debug|Any CPU
		{3D731854-31D3-4A51-A815-4B5D0E191EBF}.Debug|Any CPU.Build.0 = Debug|Any CPU
		{3D731854-31D3-4A51-A815-4B5D0E191EBF}.Release|Any CPU.ActiveCfg = Release|Any CPU
		{3D731854-31D3-4A51-A815-4B5D0E191EBF}.Release|Any CPU.Build.0 = Release|Any CPU
		{65BEF436-206C-4752-9B15-6374CE7387E7}.Debug|Any CPU.ActiveCfg = Debug|Any CPU
		{65BEF436-206C-4752-9B15-6374CE7387E7}.Debug|Any CPU.Build.0 = Debug|Any CPU
		{65BEF436-206C-4752-9B15-6374CE7387E7}.Release|Any CPU.ActiveCfg = Release|Any CPU
		{65BEF436-206C-4752-9B15-6374CE7387E7}.Release|Any CPU.Build.0 = Release|Any CPU
		{9452BD67-BD48-45AD-9E2D-9E04A4B4580A}.Debug|Any CPU.ActiveCfg = Debug|Any CPU
		{9452BD67-BD48-45AD-9E2D-9E04A4B4580A}.Debug|Any CPU.Build.0 = Debug|Any CPU
		{9452BD67-BD48-45AD-9E2D-9E04A4B4580A}.Release|Any CPU.ActiveCfg = Release|Any CPU
		{9452BD67-BD48-45AD-9E2D-9E04A4B4580A}.Release|Any CPU.Build.0 = Release|Any CPU
	EndGlobalSection
	GlobalSection(SolutionProperties) = preSolution
		HideSolutionNode = FALSE
	EndGlobalSection
	GlobalSection(ExtensibilityGlobals) = postSolution
		SolutionGuid = {90DE138A-F0CB-4B4D-A777-C5F001F07F73}
	EndGlobalSection
EndGlobal
