
Microsoft Visual Studio Solution File, Format Version 12.00
# Visual Studio Version 17
VisualStudioVersion = 17.12.35728.132 d17.12
MinimumVisualStudioVersion = 10.0.40219.1
Project("{FAE04EC0-301F-11D3-BF4B-00C04F79EFBC}") = "01.MathOperations", "01.MathOperations\01.MathOperations.csproj", "{B8DFD1B6-5E84-4660-9F9F-135181250904}"
EndProject
Project("{FAE04EC0-301F-11D3-BF4B-00C04F79EFBC}") = "02.Animals", "02.Animals\02.Animals.csproj", "{571A53CB-F6AC-41B5-BDF6-2E13123EAC4C}"
EndProject
Project("{FAE04EC0-301F-11D3-BF4B-00C04F79EFBC}") = "03.Shapes", "03.Shapes\03.Shapes.csproj", "{49282515-AB8F-46D0-A149-432952DE7668}"
EndProject
Global
	GlobalSection(SolutionConfigurationPlatforms) = preSolution
		Debug|Any CPU = Debug|Any CPU
		Release|Any CPU = Release|Any CPU
	EndGlobalSection
	GlobalSection(ProjectConfigurationPlatforms) = postSolution
		{B8DFD1B6-5E84-4660-9F9F-135181250904}.Debug|Any CPU.ActiveCfg = Debug|Any CPU
		{B8DFD1B6-5E84-4660-9F9F-135181250904}.Debug|Any CPU.Build.0 = Debug|Any CPU
		{B8DFD1B6-5E84-4660-9F9F-135181250904}.Release|Any CPU.ActiveCfg = Release|Any CPU
		{B8DFD1B6-5E84-4660-9F9F-135181250904}.Release|Any CPU.Build.0 = Release|Any CPU
		{571A53CB-F6AC-41B5-BDF6-2E13123EAC4C}.Debug|Any CPU.ActiveCfg = Debug|Any CPU
		{571A53CB-F6AC-41B5-BDF6-2E13123EAC4C}.Debug|Any CPU.Build.0 = Debug|Any CPU
		{571A53CB-F6AC-41B5-BDF6-2E13123EAC4C}.Release|Any CPU.ActiveCfg = Release|Any CPU
		{571A53CB-F6AC-41B5-BDF6-2E13123EAC4C}.Release|Any CPU.Build.0 = Release|Any CPU
		{49282515-AB8F-46D0-A149-432952DE7668}.Debug|Any CPU.ActiveCfg = Debug|Any CPU
		{49282515-AB8F-46D0-A149-432952DE7668}.Debug|Any CPU.Build.0 = Debug|Any CPU
		{49282515-AB8F-46D0-A149-432952DE7668}.Release|Any CPU.ActiveCfg = Release|Any CPU
		{49282515-AB8F-46D0-A149-432952DE7668}.Release|Any CPU.Build.0 = Release|Any CPU
	EndGlobalSection
	GlobalSection(SolutionProperties) = preSolution
		HideSolutionNode = FALSE
	EndGlobalSection
EndGlobal
