
Microsoft Visual Studio Solution File, Format Version 12.00
# Visual Studio Version 17
VisualStudioVersion = 17.6.33829.357
MinimumVisualStudioVersion = 10.0.40219.1
Project("{FAE04EC0-301F-11D3-BF4B-00C04F79EFBC}") = "Problem 1 – Computer Store", "Problem 1 – Computer Store\Problem 1 – Computer Store.csproj", "{CF68D89A-5643-4CBF-8458-D6B5487F08B0}"
EndProject
Project("{FAE04EC0-301F-11D3-BF4B-00C04F79EFBC}") = "Problem 2 – MuOnline", "Problem 2 – MuOnline\Problem 2 – MuOnline.csproj", "{10F2E430-3147-482C-86A6-E483A9D492A6}"
EndProject
Project("{FAE04EC0-301F-11D3-BF4B-00C04F79EFBC}") = "Problem 3 – Hearth Delivery", "Problem 3 – Hearth Delivery\Problem 3 – Hearth Delivery.csproj", "{C9D8198C-C0F9-4C25-AE83-7EC252FAD6C7}"
EndProject
Global
	GlobalSection(SolutionConfigurationPlatforms) = preSolution
		Debug|Any CPU = Debug|Any CPU
		Release|Any CPU = Release|Any CPU
	EndGlobalSection
	GlobalSection(ProjectConfigurationPlatforms) = postSolution
		{CF68D89A-5643-4CBF-8458-D6B5487F08B0}.Debug|Any CPU.ActiveCfg = Debug|Any CPU
		{CF68D89A-5643-4CBF-8458-D6B5487F08B0}.Debug|Any CPU.Build.0 = Debug|Any CPU
		{CF68D89A-5643-4CBF-8458-D6B5487F08B0}.Release|Any CPU.ActiveCfg = Release|Any CPU
		{CF68D89A-5643-4CBF-8458-D6B5487F08B0}.Release|Any CPU.Build.0 = Release|Any CPU
		{10F2E430-3147-482C-86A6-E483A9D492A6}.Debug|Any CPU.ActiveCfg = Debug|Any CPU
		{10F2E430-3147-482C-86A6-E483A9D492A6}.Debug|Any CPU.Build.0 = Debug|Any CPU
		{10F2E430-3147-482C-86A6-E483A9D492A6}.Release|Any CPU.ActiveCfg = Release|Any CPU
		{10F2E430-3147-482C-86A6-E483A9D492A6}.Release|Any CPU.Build.0 = Release|Any CPU
		{C9D8198C-C0F9-4C25-AE83-7EC252FAD6C7}.Debug|Any CPU.ActiveCfg = Debug|Any CPU
		{C9D8198C-C0F9-4C25-AE83-7EC252FAD6C7}.Debug|Any CPU.Build.0 = Debug|Any CPU
		{C9D8198C-C0F9-4C25-AE83-7EC252FAD6C7}.Release|Any CPU.ActiveCfg = Release|Any CPU
		{C9D8198C-C0F9-4C25-AE83-7EC252FAD6C7}.Release|Any CPU.Build.0 = Release|Any CPU
	EndGlobalSection
	GlobalSection(SolutionProperties) = preSolution
		HideSolutionNode = FALSE
	EndGlobalSection
	GlobalSection(ExtensibilityGlobals) = postSolution
		SolutionGuid = {1622A3A7-C8A2-46E3-B34A-B7BE82B71727}
	EndGlobalSection
EndGlobal
