
Microsoft Visual Studio Solution File, Format Version 12.00
# Visual Studio Version 17
VisualStudioVersion = 17.9.34622.214
MinimumVisualStudioVersion = 10.0.40219.1
Project("{FAE04EC0-301F-11D3-BF4B-00C04F79EFBC}") = "01. Sort Even Numbers", "01. Sort Even Numbers\01. Sort Even Numbers.csproj", "{864C1ED5-4B87-4F1B-B406-703B4D8FDB51}"
EndProject
Project("{FAE04EC0-301F-11D3-BF4B-00C04F79EFBC}") = "02. Sum Numbers", "02. Sum Numbers\02. Sum Numbers.csproj", "{48461286-ABEB-4179-9BDD-55C5EBE918F0}"
EndProject
Project("{FAE04EC0-301F-11D3-BF4B-00C04F79EFBC}") = "03. Count Uppercase Words", "03. Count Uppercase Words\03. Count Uppercase Words.csproj", "{0D9C9F93-0BE0-484A-98BE-865093391003}"
EndProject
Project("{FAE04EC0-301F-11D3-BF4B-00C04F79EFBC}") = "04. Add VAT", "04. Add VAT\04. Add VAT.csproj", "{2E63902D-BFA8-4115-9E57-57EE6A2CF079}"
EndProject
Project("{FAE04EC0-301F-11D3-BF4B-00C04F79EFBC}") = "05. Filter By Age", "05. Filter By Age\05. Filter By Age.csproj", "{C3FD2220-907F-471B-8E6E-1BFFB03E7139}"
EndProject
Global
	GlobalSection(SolutionConfigurationPlatforms) = preSolution
		Debug|Any CPU = Debug|Any CPU
		Release|Any CPU = Release|Any CPU
	EndGlobalSection
	GlobalSection(ProjectConfigurationPlatforms) = postSolution
		{864C1ED5-4B87-4F1B-B406-703B4D8FDB51}.Debug|Any CPU.ActiveCfg = Debug|Any CPU
		{864C1ED5-4B87-4F1B-B406-703B4D8FDB51}.Debug|Any CPU.Build.0 = Debug|Any CPU
		{864C1ED5-4B87-4F1B-B406-703B4D8FDB51}.Release|Any CPU.ActiveCfg = Release|Any CPU
		{864C1ED5-4B87-4F1B-B406-703B4D8FDB51}.Release|Any CPU.Build.0 = Release|Any CPU
		{48461286-ABEB-4179-9BDD-55C5EBE918F0}.Debug|Any CPU.ActiveCfg = Debug|Any CPU
		{48461286-ABEB-4179-9BDD-55C5EBE918F0}.Debug|Any CPU.Build.0 = Debug|Any CPU
		{48461286-ABEB-4179-9BDD-55C5EBE918F0}.Release|Any CPU.ActiveCfg = Release|Any CPU
		{48461286-ABEB-4179-9BDD-55C5EBE918F0}.Release|Any CPU.Build.0 = Release|Any CPU
		{0D9C9F93-0BE0-484A-98BE-865093391003}.Debug|Any CPU.ActiveCfg = Debug|Any CPU
		{0D9C9F93-0BE0-484A-98BE-865093391003}.Debug|Any CPU.Build.0 = Debug|Any CPU
		{0D9C9F93-0BE0-484A-98BE-865093391003}.Release|Any CPU.ActiveCfg = Release|Any CPU
		{0D9C9F93-0BE0-484A-98BE-865093391003}.Release|Any CPU.Build.0 = Release|Any CPU
		{2E63902D-BFA8-4115-9E57-57EE6A2CF079}.Debug|Any CPU.ActiveCfg = Debug|Any CPU
		{2E63902D-BFA8-4115-9E57-57EE6A2CF079}.Debug|Any CPU.Build.0 = Debug|Any CPU
		{2E63902D-BFA8-4115-9E57-57EE6A2CF079}.Release|Any CPU.ActiveCfg = Release|Any CPU
		{2E63902D-BFA8-4115-9E57-57EE6A2CF079}.Release|Any CPU.Build.0 = Release|Any CPU
		{C3FD2220-907F-471B-8E6E-1BFFB03E7139}.Debug|Any CPU.ActiveCfg = Debug|Any CPU
		{C3FD2220-907F-471B-8E6E-1BFFB03E7139}.Debug|Any CPU.Build.0 = Debug|Any CPU
		{C3FD2220-907F-471B-8E6E-1BFFB03E7139}.Release|Any CPU.ActiveCfg = Release|Any CPU
		{C3FD2220-907F-471B-8E6E-1BFFB03E7139}.Release|Any CPU.Build.0 = Release|Any CPU
	EndGlobalSection
	GlobalSection(SolutionProperties) = preSolution
		HideSolutionNode = FALSE
	EndGlobalSection
	GlobalSection(ExtensibilityGlobals) = postSolution
		SolutionGuid = {66730659-0E2B-404B-93F4-AEF7D05FDD66}
	EndGlobalSection
EndGlobal
