
Microsoft Visual Studio Solution File, Format Version 12.00
# Visual Studio Version 17
VisualStudioVersion = 17.5.33516.290
MinimumVisualStudioVersion = 10.0.40219.1
Project("{FAE04EC0-301F-11D3-BF4B-00C04F79EFBC}") = "01. PC Store", "01. PC Store\01. PC Store.csproj", "{62D4DD0F-EB0B-4633-9FD3-4DB6A22C9F01}"
EndProject
Project("{FAE04EC0-301F-11D3-BF4B-00C04F79EFBC}") = "02. Bracelet Stand", "02. Bracelet Stand\02. Bracelet Stand.csproj", "{850AF2A8-918D-4E7A-98FA-D2A769DF0539}"
EndProject
Project("{FAE04EC0-301F-11D3-BF4B-00C04F79EFBC}") = "03. Santas Holiday", "03. Santas Holiday\03. Santas Holiday.csproj", "{50A9369D-AB22-4A0D-A77F-98E88986754B}"
EndProject
Project("{FAE04EC0-301F-11D3-BF4B-00C04F79EFBC}") = "04. Exam", "04. Exam\04. Exam.csproj", "{C403261C-C3D5-4E5A-8E79-0FE4E366AA07}"
EndProject
Project("{FAE04EC0-301F-11D3-BF4B-00C04F79EFBC}") = "05. Hair Salon", "05. Hair Salon\05. Hair Salon.csproj", "{FB743E46-510B-490F-9BCA-ED03A01808D8}"
EndProject
Project("{FAE04EC0-301F-11D3-BF4B-00C04F79EFBC}") = "06. Unique PIN Codes", "06. Unique PIN Codes\06. Unique PIN Codes.csproj", "{CD39E46D-8A7B-47EA-99DC-A40ED9C2F0EB}"
EndProject
Global
	GlobalSection(SolutionConfigurationPlatforms) = preSolution
		Debug|Any CPU = Debug|Any CPU
		Release|Any CPU = Release|Any CPU
	EndGlobalSection
	GlobalSection(ProjectConfigurationPlatforms) = postSolution
		{62D4DD0F-EB0B-4633-9FD3-4DB6A22C9F01}.Debug|Any CPU.ActiveCfg = Debug|Any CPU
		{62D4DD0F-EB0B-4633-9FD3-4DB6A22C9F01}.Debug|Any CPU.Build.0 = Debug|Any CPU
		{62D4DD0F-EB0B-4633-9FD3-4DB6A22C9F01}.Release|Any CPU.ActiveCfg = Release|Any CPU
		{62D4DD0F-EB0B-4633-9FD3-4DB6A22C9F01}.Release|Any CPU.Build.0 = Release|Any CPU
		{850AF2A8-918D-4E7A-98FA-D2A769DF0539}.Debug|Any CPU.ActiveCfg = Debug|Any CPU
		{850AF2A8-918D-4E7A-98FA-D2A769DF0539}.Debug|Any CPU.Build.0 = Debug|Any CPU
		{850AF2A8-918D-4E7A-98FA-D2A769DF0539}.Release|Any CPU.ActiveCfg = Release|Any CPU
		{850AF2A8-918D-4E7A-98FA-D2A769DF0539}.Release|Any CPU.Build.0 = Release|Any CPU
		{50A9369D-AB22-4A0D-A77F-98E88986754B}.Debug|Any CPU.ActiveCfg = Debug|Any CPU
		{50A9369D-AB22-4A0D-A77F-98E88986754B}.Debug|Any CPU.Build.0 = Debug|Any CPU
		{50A9369D-AB22-4A0D-A77F-98E88986754B}.Release|Any CPU.ActiveCfg = Release|Any CPU
		{50A9369D-AB22-4A0D-A77F-98E88986754B}.Release|Any CPU.Build.0 = Release|Any CPU
		{C403261C-C3D5-4E5A-8E79-0FE4E366AA07}.Debug|Any CPU.ActiveCfg = Debug|Any CPU
		{C403261C-C3D5-4E5A-8E79-0FE4E366AA07}.Debug|Any CPU.Build.0 = Debug|Any CPU
		{C403261C-C3D5-4E5A-8E79-0FE4E366AA07}.Release|Any CPU.ActiveCfg = Release|Any CPU
		{C403261C-C3D5-4E5A-8E79-0FE4E366AA07}.Release|Any CPU.Build.0 = Release|Any CPU
		{FB743E46-510B-490F-9BCA-ED03A01808D8}.Debug|Any CPU.ActiveCfg = Debug|Any CPU
		{FB743E46-510B-490F-9BCA-ED03A01808D8}.Debug|Any CPU.Build.0 = Debug|Any CPU
		{FB743E46-510B-490F-9BCA-ED03A01808D8}.Release|Any CPU.ActiveCfg = Release|Any CPU
		{FB743E46-510B-490F-9BCA-ED03A01808D8}.Release|Any CPU.Build.0 = Release|Any CPU
		{CD39E46D-8A7B-47EA-99DC-A40ED9C2F0EB}.Debug|Any CPU.ActiveCfg = Debug|Any CPU
		{CD39E46D-8A7B-47EA-99DC-A40ED9C2F0EB}.Debug|Any CPU.Build.0 = Debug|Any CPU
		{CD39E46D-8A7B-47EA-99DC-A40ED9C2F0EB}.Release|Any CPU.ActiveCfg = Release|Any CPU
		{CD39E46D-8A7B-47EA-99DC-A40ED9C2F0EB}.Release|Any CPU.Build.0 = Release|Any CPU
	EndGlobalSection
	GlobalSection(SolutionProperties) = preSolution
		HideSolutionNode = FALSE
	EndGlobalSection
	GlobalSection(ExtensibilityGlobals) = postSolution
		SolutionGuid = {CD760406-21CD-483E-A55D-A9E4DB628BF2}
	EndGlobalSection
EndGlobal
