
Microsoft Visual Studio Solution File, Format Version 12.00
# Visual Studio Version 17
VisualStudioVersion = 17.12.35728.132 d17.12
MinimumVisualStudioVersion = 10.0.40219.1
Project("{FAE04EC0-301F-11D3-BF4B-00C04F79EFBC}") = "01.Persons", "01.Persons\01.Persons.csproj", "{91369AEB-A7CD-4A86-BCEA-4C1DDB1810CE}"
EndProject
Project("{FAE04EC0-301F-11D3-BF4B-00C04F79EFBC}") = "02.Salary", "02.Salary\02.Salary.csproj", "{9FA270FE-6FDB-45F3-8429-D687A5BA310B}"
EndProject
Project("{FAE04EC0-301F-11D3-BF4B-00C04F79EFBC}") = "03.Validation", "03.Validation\03.Validation.csproj", "{31F3316A-616A-42C2-A0E7-BA743A8FDEF0}"
EndProject
Project("{FAE04EC0-301F-11D3-BF4B-00C04F79EFBC}") = "04.Team", "04.Team\04.Team.csproj", "{8CA0A821-9611-4CC3-BE6D-4841C897DAD1}"
EndProject
Global
	GlobalSection(SolutionConfigurationPlatforms) = preSolution
		Debug|Any CPU = Debug|Any CPU
		Release|Any CPU = Release|Any CPU
	EndGlobalSection
	GlobalSection(ProjectConfigurationPlatforms) = postSolution
		{91369AEB-A7CD-4A86-BCEA-4C1DDB1810CE}.Debug|Any CPU.ActiveCfg = Debug|Any CPU
		{91369AEB-A7CD-4A86-BCEA-4C1DDB1810CE}.Debug|Any CPU.Build.0 = Debug|Any CPU
		{91369AEB-A7CD-4A86-BCEA-4C1DDB1810CE}.Release|Any CPU.ActiveCfg = Release|Any CPU
		{91369AEB-A7CD-4A86-BCEA-4C1DDB1810CE}.Release|Any CPU.Build.0 = Release|Any CPU
		{9FA270FE-6FDB-45F3-8429-D687A5BA310B}.Debug|Any CPU.ActiveCfg = Debug|Any CPU
		{9FA270FE-6FDB-45F3-8429-D687A5BA310B}.Debug|Any CPU.Build.0 = Debug|Any CPU
		{9FA270FE-6FDB-45F3-8429-D687A5BA310B}.Release|Any CPU.ActiveCfg = Release|Any CPU
		{9FA270FE-6FDB-45F3-8429-D687A5BA310B}.Release|Any CPU.Build.0 = Release|Any CPU
		{31F3316A-616A-42C2-A0E7-BA743A8FDEF0}.Debug|Any CPU.ActiveCfg = Debug|Any CPU
		{31F3316A-616A-42C2-A0E7-BA743A8FDEF0}.Debug|Any CPU.Build.0 = Debug|Any CPU
		{31F3316A-616A-42C2-A0E7-BA743A8FDEF0}.Release|Any CPU.ActiveCfg = Release|Any CPU
		{31F3316A-616A-42C2-A0E7-BA743A8FDEF0}.Release|Any CPU.Build.0 = Release|Any CPU
		{8CA0A821-9611-4CC3-BE6D-4841C897DAD1}.Debug|Any CPU.ActiveCfg = Debug|Any CPU
		{8CA0A821-9611-4CC3-BE6D-4841C897DAD1}.Debug|Any CPU.Build.0 = Debug|Any CPU
		{8CA0A821-9611-4CC3-BE6D-4841C897DAD1}.Release|Any CPU.ActiveCfg = Release|Any CPU
		{8CA0A821-9611-4CC3-BE6D-4841C897DAD1}.Release|Any CPU.Build.0 = Release|Any CPU
	EndGlobalSection
	GlobalSection(SolutionProperties) = preSolution
		HideSolutionNode = FALSE
	EndGlobalSection
EndGlobal
