
Microsoft Visual Studio Solution File, Format Version 12.00
# Visual Studio Version 17
VisualStudioVersion = 17.9.34622.214
MinimumVisualStudioVersion = 10.0.40219.1
Project("{9A19103F-16F7-4668-BE54-9A1E7A4F7556}") = "01. Diagonal Difference", "01. Diagonal Difference\01. Diagonal Difference.csproj", "{50709A35-4B9D-457E-9D69-CD3D2353A726}"
EndProject
Project("{9A19103F-16F7-4668-BE54-9A1E7A4F7556}") = "02. Squares in Matrix", "02. Squares in Matrix\02. Squares in Matrix.csproj", "{65571921-4425-40FA-87F7-3C45FFE0125C}"
EndProject
Project("{9A19103F-16F7-4668-BE54-9A1E7A4F7556}") = "03. Maximal Sum", "03. Maximal Sum\03. Maximal Sum.csproj", "{BC7CB638-2CA8-4D8C-B903-326750FAD5D9}"
EndProject
Project("{9A19103F-16F7-4668-BE54-9A1E7A4F7556}") = "04. Matrix Shuffling", "04. Matrix Shuffling\04. Matrix Shuffling.csproj", "{4B452BC9-C03E-4CF4-8ED8-445E44108182}"
EndProject
Project("{9A19103F-16F7-4668-BE54-9A1E7A4F7556}") = "05. Snake Moves", "05. Snake Moves\05. Snake Moves.csproj", "{EBB5AF6F-F154-48C4-82AB-132ABFDD0B89}"
EndProject
Project("{FAE04EC0-301F-11D3-BF4B-00C04F79EFBC}") = "06. Jagged Array Manipulator", "06. Jagged Array Manipulator\06. Jagged Array Manipulator.csproj", "{71E398E2-D997-4313-8194-EFCAF80BC3D1}"
EndProject
Project("{FAE04EC0-301F-11D3-BF4B-00C04F79EFBC}") = "07. Knight Game", "07. Knight Game\07. Knight Game.csproj", "{4FD88EFC-3902-4F18-BD3E-E53358A0C325}"
EndProject
Global
	GlobalSection(SolutionConfigurationPlatforms) = preSolution
		Debug|Any CPU = Debug|Any CPU
		Release|Any CPU = Release|Any CPU
	EndGlobalSection
	GlobalSection(ProjectConfigurationPlatforms) = postSolution
		{50709A35-4B9D-457E-9D69-CD3D2353A726}.Debug|Any CPU.ActiveCfg = Debug|Any CPU
		{50709A35-4B9D-457E-9D69-CD3D2353A726}.Debug|Any CPU.Build.0 = Debug|Any CPU
		{50709A35-4B9D-457E-9D69-CD3D2353A726}.Release|Any CPU.ActiveCfg = Release|Any CPU
		{50709A35-4B9D-457E-9D69-CD3D2353A726}.Release|Any CPU.Build.0 = Release|Any CPU
		{65571921-4425-40FA-87F7-3C45FFE0125C}.Debug|Any CPU.ActiveCfg = Debug|Any CPU
		{65571921-4425-40FA-87F7-3C45FFE0125C}.Debug|Any CPU.Build.0 = Debug|Any CPU
		{65571921-4425-40FA-87F7-3C45FFE0125C}.Release|Any CPU.ActiveCfg = Release|Any CPU
		{65571921-4425-40FA-87F7-3C45FFE0125C}.Release|Any CPU.Build.0 = Release|Any CPU
		{BC7CB638-2CA8-4D8C-B903-326750FAD5D9}.Debug|Any CPU.ActiveCfg = Debug|Any CPU
		{BC7CB638-2CA8-4D8C-B903-326750FAD5D9}.Debug|Any CPU.Build.0 = Debug|Any CPU
		{BC7CB638-2CA8-4D8C-B903-326750FAD5D9}.Release|Any CPU.ActiveCfg = Release|Any CPU
		{BC7CB638-2CA8-4D8C-B903-326750FAD5D9}.Release|Any CPU.Build.0 = Release|Any CPU
		{4B452BC9-C03E-4CF4-8ED8-445E44108182}.Debug|Any CPU.ActiveCfg = Debug|Any CPU
		{4B452BC9-C03E-4CF4-8ED8-445E44108182}.Debug|Any CPU.Build.0 = Debug|Any CPU
		{4B452BC9-C03E-4CF4-8ED8-445E44108182}.Release|Any CPU.ActiveCfg = Release|Any CPU
		{4B452BC9-C03E-4CF4-8ED8-445E44108182}.Release|Any CPU.Build.0 = Release|Any CPU
		{EBB5AF6F-F154-48C4-82AB-132ABFDD0B89}.Debug|Any CPU.ActiveCfg = Debug|Any CPU
		{EBB5AF6F-F154-48C4-82AB-132ABFDD0B89}.Debug|Any CPU.Build.0 = Debug|Any CPU
		{EBB5AF6F-F154-48C4-82AB-132ABFDD0B89}.Release|Any CPU.ActiveCfg = Release|Any CPU
		{EBB5AF6F-F154-48C4-82AB-132ABFDD0B89}.Release|Any CPU.Build.0 = Release|Any CPU
		{71E398E2-D997-4313-8194-EFCAF80BC3D1}.Debug|Any CPU.ActiveCfg = Debug|Any CPU
		{71E398E2-D997-4313-8194-EFCAF80BC3D1}.Debug|Any CPU.Build.0 = Debug|Any CPU
		{71E398E2-D997-4313-8194-EFCAF80BC3D1}.Release|Any CPU.ActiveCfg = Release|Any CPU
		{71E398E2-D997-4313-8194-EFCAF80BC3D1}.Release|Any CPU.Build.0 = Release|Any CPU
		{4FD88EFC-3902-4F18-BD3E-E53358A0C325}.Debug|Any CPU.ActiveCfg = Debug|Any CPU
		{4FD88EFC-3902-4F18-BD3E-E53358A0C325}.Debug|Any CPU.Build.0 = Debug|Any CPU
		{4FD88EFC-3902-4F18-BD3E-E53358A0C325}.Release|Any CPU.ActiveCfg = Release|Any CPU
		{4FD88EFC-3902-4F18-BD3E-E53358A0C325}.Release|Any CPU.Build.0 = Release|Any CPU
	EndGlobalSection
	GlobalSection(SolutionProperties) = preSolution
		HideSolutionNode = FALSE
	EndGlobalSection
	GlobalSection(ExtensibilityGlobals) = postSolution
		SolutionGuid = {40754ABE-2313-43FC-8AA5-499A62776E70}
	EndGlobalSection
EndGlobal
