
Microsoft Visual Studio Solution File, Format Version 12.00
# Visual Studio Version 17
VisualStudioVersion = 17.5.33516.290
MinimumVisualStudioVersion = 10.0.40219.1
Project("{9A19103F-16F7-4668-BE54-9A1E7A4F7556}") = "01. Sum Adjacent Equal Numbers", "01. Sum Adjacent Equal Numbers\01. Sum Adjacent Equal Numbers.csproj", "{030FDD39-996A-427C-B590-81AE33BD877F}"
EndProject
Project("{9A19103F-16F7-4668-BE54-9A1E7A4F7556}") = "02. Gauss' Trick", "02. Gauss' Trick\02. Gauss' Trick.csproj", "{D79BB046-EFE5-4FC9-B4BA-8681EB38A43C}"
EndProject
Project("{9A19103F-16F7-4668-BE54-9A1E7A4F7556}") = "03. Merging Lists", "03. Merging Lists\03. Merging Lists.csproj", "{EE6ABF44-B827-46EF-9458-5E94A9441747}"
EndProject
Project("{9A19103F-16F7-4668-BE54-9A1E7A4F7556}") = "04. List of Products", "04. List of Products\04. List of Products.csproj", "{31997DE0-446D-4BD6-8BA4-48E267780FC0}"
EndProject
Project("{9A19103F-16F7-4668-BE54-9A1E7A4F7556}") = "05. Remove Negatives and Reverse", "05. Remove Negatives and Reverse\05. Remove Negatives and Reverse.csproj", "{3639B541-14B6-4234-9D1E-7F819145ED76}"
EndProject
Project("{9A19103F-16F7-4668-BE54-9A1E7A4F7556}") = "06. List Manipulation Basics", "06. List Manipulation Basics\06. List Manipulation Basics.csproj", "{DD54C956-AB31-459F-B504-7764526E87F1}"
EndProject
Project("{FAE04EC0-301F-11D3-BF4B-00C04F79EFBC}") = "07. List Manipulation Advanced", "07. List Manipulation Advanced\07. List Manipulation Advanced.csproj", "{38AE86C3-211D-461E-A79C-DFDA24E11787}"
EndProject
Global
	GlobalSection(SolutionConfigurationPlatforms) = preSolution
		Debug|Any CPU = Debug|Any CPU
		Release|Any CPU = Release|Any CPU
	EndGlobalSection
	GlobalSection(ProjectConfigurationPlatforms) = postSolution
		{030FDD39-996A-427C-B590-81AE33BD877F}.Debug|Any CPU.ActiveCfg = Debug|Any CPU
		{030FDD39-996A-427C-B590-81AE33BD877F}.Debug|Any CPU.Build.0 = Debug|Any CPU
		{030FDD39-996A-427C-B590-81AE33BD877F}.Release|Any CPU.ActiveCfg = Release|Any CPU
		{030FDD39-996A-427C-B590-81AE33BD877F}.Release|Any CPU.Build.0 = Release|Any CPU
		{D79BB046-EFE5-4FC9-B4BA-8681EB38A43C}.Debug|Any CPU.ActiveCfg = Debug|Any CPU
		{D79BB046-EFE5-4FC9-B4BA-8681EB38A43C}.Debug|Any CPU.Build.0 = Debug|Any CPU
		{D79BB046-EFE5-4FC9-B4BA-8681EB38A43C}.Release|Any CPU.ActiveCfg = Release|Any CPU
		{D79BB046-EFE5-4FC9-B4BA-8681EB38A43C}.Release|Any CPU.Build.0 = Release|Any CPU
		{EE6ABF44-B827-46EF-9458-5E94A9441747}.Debug|Any CPU.ActiveCfg = Debug|Any CPU
		{EE6ABF44-B827-46EF-9458-5E94A9441747}.Debug|Any CPU.Build.0 = Debug|Any CPU
		{EE6ABF44-B827-46EF-9458-5E94A9441747}.Release|Any CPU.ActiveCfg = Release|Any CPU
		{EE6ABF44-B827-46EF-9458-5E94A9441747}.Release|Any CPU.Build.0 = Release|Any CPU
		{31997DE0-446D-4BD6-8BA4-48E267780FC0}.Debug|Any CPU.ActiveCfg = Debug|Any CPU
		{31997DE0-446D-4BD6-8BA4-48E267780FC0}.Debug|Any CPU.Build.0 = Debug|Any CPU
		{31997DE0-446D-4BD6-8BA4-48E267780FC0}.Release|Any CPU.ActiveCfg = Release|Any CPU
		{31997DE0-446D-4BD6-8BA4-48E267780FC0}.Release|Any CPU.Build.0 = Release|Any CPU
		{3639B541-14B6-4234-9D1E-7F819145ED76}.Debug|Any CPU.ActiveCfg = Debug|Any CPU
		{3639B541-14B6-4234-9D1E-7F819145ED76}.Debug|Any CPU.Build.0 = Debug|Any CPU
		{3639B541-14B6-4234-9D1E-7F819145ED76}.Release|Any CPU.ActiveCfg = Release|Any CPU
		{3639B541-14B6-4234-9D1E-7F819145ED76}.Release|Any CPU.Build.0 = Release|Any CPU
		{DD54C956-AB31-459F-B504-7764526E87F1}.Debug|Any CPU.ActiveCfg = Debug|Any CPU
		{DD54C956-AB31-459F-B504-7764526E87F1}.Debug|Any CPU.Build.0 = Debug|Any CPU
		{DD54C956-AB31-459F-B504-7764526E87F1}.Release|Any CPU.ActiveCfg = Release|Any CPU
		{DD54C956-AB31-459F-B504-7764526E87F1}.Release|Any CPU.Build.0 = Release|Any CPU
		{38AE86C3-211D-461E-A79C-DFDA24E11787}.Debug|Any CPU.ActiveCfg = Debug|Any CPU
		{38AE86C3-211D-461E-A79C-DFDA24E11787}.Debug|Any CPU.Build.0 = Debug|Any CPU
		{38AE86C3-211D-461E-A79C-DFDA24E11787}.Release|Any CPU.ActiveCfg = Release|Any CPU
		{38AE86C3-211D-461E-A79C-DFDA24E11787}.Release|Any CPU.Build.0 = Release|Any CPU
	EndGlobalSection
	GlobalSection(SolutionProperties) = preSolution
		HideSolutionNode = FALSE
	EndGlobalSection
	GlobalSection(ExtensibilityGlobals) = postSolution
		SolutionGuid = {EFA55472-428D-4666-AC6D-ADA81B7635CB}
	EndGlobalSection
EndGlobal
