
Microsoft Visual Studio Solution File, Format Version 12.00
# Visual Studio Version 17
VisualStudioVersion = 17.5.33516.290
MinimumVisualStudioVersion = 10.0.40219.1
Project("{FAE04EC0-301F-11D3-BF4B-00C04F79EFBC}") = "Problem 1", "Problem 1\Problem 1.csproj", "{3D887D98-8203-483F-A18C-1B0BF5E36090}"
EndProject
Project("{FAE04EC0-301F-11D3-BF4B-00C04F79EFBC}") = "Problem 2", "Problem 2\Problem 2.csproj", "{C57A5D60-1642-459D-96F9-554A117CEB38}"
EndProject
Project("{FAE04EC0-301F-11D3-BF4B-00C04F79EFBC}") = "Problem 3", "Problem 3\Problem 3.csproj", "{43C3EC73-C131-4E2D-BA03-DADB4C4C999E}"
EndProject
Global
	GlobalSection(SolutionConfigurationPlatforms) = preSolution
		Debug|Any CPU = Debug|Any CPU
		Release|Any CPU = Release|Any CPU
	EndGlobalSection
	GlobalSection(ProjectConfigurationPlatforms) = postSolution
		{3D887D98-8203-483F-A18C-1B0BF5E36090}.Debug|Any CPU.ActiveCfg = Debug|Any CPU
		{3D887D98-8203-483F-A18C-1B0BF5E36090}.Debug|Any CPU.Build.0 = Debug|Any CPU
		{3D887D98-8203-483F-A18C-1B0BF5E36090}.Release|Any CPU.ActiveCfg = Release|Any CPU
		{3D887D98-8203-483F-A18C-1B0BF5E36090}.Release|Any CPU.Build.0 = Release|Any CPU
		{C57A5D60-1642-459D-96F9-554A117CEB38}.Debug|Any CPU.ActiveCfg = Debug|Any CPU
		{C57A5D60-1642-459D-96F9-554A117CEB38}.Debug|Any CPU.Build.0 = Debug|Any CPU
		{C57A5D60-1642-459D-96F9-554A117CEB38}.Release|Any CPU.ActiveCfg = Release|Any CPU
		{C57A5D60-1642-459D-96F9-554A117CEB38}.Release|Any CPU.Build.0 = Release|Any CPU
		{43C3EC73-C131-4E2D-BA03-DADB4C4C999E}.Debug|Any CPU.ActiveCfg = Debug|Any CPU
		{43C3EC73-C131-4E2D-BA03-DADB4C4C999E}.Debug|Any CPU.Build.0 = Debug|Any CPU
		{43C3EC73-C131-4E2D-BA03-DADB4C4C999E}.Release|Any CPU.ActiveCfg = Release|Any CPU
		{43C3EC73-C131-4E2D-BA03-DADB4C4C999E}.Release|Any CPU.Build.0 = Release|Any CPU
	EndGlobalSection
	GlobalSection(SolutionProperties) = preSolution
		HideSolutionNode = FALSE
	EndGlobalSection
	GlobalSection(ExtensibilityGlobals) = postSolution
		SolutionGuid = {F862C0EA-3528-465E-B598-AC5D7324D97C}
	EndGlobalSection
EndGlobal
