
Microsoft Visual Studio Solution File, Format Version 12.00
# Visual Studio Version 17
VisualStudioVersion = 17.5.33516.290
MinimumVisualStudioVersion = 10.0.40219.1
Project("{FAE04EC0-301F-11D3-BF4B-00C04F79EFBC}") = "01. Extract Person Information", "01. Extract Person Information\01. Extract Person Information.csproj", "{37B88199-B00C-4B65-8942-977688AE14CE}"
EndProject
Project("{FAE04EC0-301F-11D3-BF4B-00C04F79EFBC}") = "02. Ascii Sumator", "02. Ascii Sumator\02. Ascii Sumator.csproj", "{66CB5BB3-A0AE-472A-BC8A-3803EDFB763B}"
EndProject
Project("{FAE04EC0-301F-11D3-BF4B-00C04F79EFBC}") = "03. Treasure Finder", "03. Treasure Finder\03. Treasure Finder.csproj", "{A7BE01DE-3CD4-4978-895C-2B73867FF405}"
EndProject
Project("{FAE04EC0-301F-11D3-BF4B-00C04F79EFBC}") = "04. Morse Code Translator", "04. Morse Code Translator\04. Morse Code Translator.csproj", "{16F472A5-E71C-49EB-ACF3-DB7DABECBD57}"
EndProject
Project("{FAE04EC0-301F-11D3-BF4B-00C04F79EFBC}") = "05. HTML", "05. HTML\05. HTML.csproj", "{69303556-C8D7-412E-9828-6A7BC7CC4A14}"
EndProject
Global
	GlobalSection(SolutionConfigurationPlatforms) = preSolution
		Debug|Any CPU = Debug|Any CPU
		Release|Any CPU = Release|Any CPU
	EndGlobalSection
	GlobalSection(ProjectConfigurationPlatforms) = postSolution
		{37B88199-B00C-4B65-8942-977688AE14CE}.Debug|Any CPU.ActiveCfg = Debug|Any CPU
		{37B88199-B00C-4B65-8942-977688AE14CE}.Debug|Any CPU.Build.0 = Debug|Any CPU
		{37B88199-B00C-4B65-8942-977688AE14CE}.Release|Any CPU.ActiveCfg = Release|Any CPU
		{37B88199-B00C-4B65-8942-977688AE14CE}.Release|Any CPU.Build.0 = Release|Any CPU
		{66CB5BB3-A0AE-472A-BC8A-3803EDFB763B}.Debug|Any CPU.ActiveCfg = Debug|Any CPU
		{66CB5BB3-A0AE-472A-BC8A-3803EDFB763B}.Debug|Any CPU.Build.0 = Debug|Any CPU
		{66CB5BB3-A0AE-472A-BC8A-3803EDFB763B}.Release|Any CPU.ActiveCfg = Release|Any CPU
		{66CB5BB3-A0AE-472A-BC8A-3803EDFB763B}.Release|Any CPU.Build.0 = Release|Any CPU
		{A7BE01DE-3CD4-4978-895C-2B73867FF405}.Debug|Any CPU.ActiveCfg = Debug|Any CPU
		{A7BE01DE-3CD4-4978-895C-2B73867FF405}.Debug|Any CPU.Build.0 = Debug|Any CPU
		{A7BE01DE-3CD4-4978-895C-2B73867FF405}.Release|Any CPU.ActiveCfg = Release|Any CPU
		{A7BE01DE-3CD4-4978-895C-2B73867FF405}.Release|Any CPU.Build.0 = Release|Any CPU
		{16F472A5-E71C-49EB-ACF3-DB7DABECBD57}.Debug|Any CPU.ActiveCfg = Debug|Any CPU
		{16F472A5-E71C-49EB-ACF3-DB7DABECBD57}.Debug|Any CPU.Build.0 = Debug|Any CPU
		{16F472A5-E71C-49EB-ACF3-DB7DABECBD57}.Release|Any CPU.ActiveCfg = Release|Any CPU
		{16F472A5-E71C-49EB-ACF3-DB7DABECBD57}.Release|Any CPU.Build.0 = Release|Any CPU
		{69303556-C8D7-412E-9828-6A7BC7CC4A14}.Debug|Any CPU.ActiveCfg = Debug|Any CPU
		{69303556-C8D7-412E-9828-6A7BC7CC4A14}.Debug|Any CPU.Build.0 = Debug|Any CPU
		{69303556-C8D7-412E-9828-6A7BC7CC4A14}.Release|Any CPU.ActiveCfg = Release|Any CPU
		{69303556-C8D7-412E-9828-6A7BC7CC4A14}.Release|Any CPU.Build.0 = Release|Any CPU
	EndGlobalSection
	GlobalSection(SolutionProperties) = preSolution
		HideSolutionNode = FALSE
	EndGlobalSection
	GlobalSection(ExtensibilityGlobals) = postSolution
		SolutionGuid = {284A871E-6BC0-4922-9DAA-0ED691918D9C}
	EndGlobalSection
EndGlobal
